
Microsoft Visual Studio Solution File, Format Version 12.00
# Visual Studio Version 17
VisualStudioVersion = 17.8.34525.116
MinimumVisualStudioVersion = 10.0.40219.1
Project("{FAE04EC0-301F-11D3-BF4B-00C04F79EFBC}") = "WpfApp1", "WpfApp1\WpfApp1.csproj", "{5A5102EE-0C05-4DB5-9109-D6EFC7BDE5BA}"
EndProject
Global
	GlobalSection(SolutionConfigurationPlatforms) = preSolution
		Debug|Any CPU = Debug|Any CPU
		Release|Any CPU = Release|Any CPU
	EndGlobalSection
	GlobalSection(ProjectConfigurationPlatforms) = postSolution
		{5A5102EE-0C05-4DB5-9109-D6EFC7BDE5BA}.Debug|Any CPU.ActiveCfg = Debug|Any CPU
		{5A5102EE-0C05-4DB5-9109-D6EFC7BDE5BA}.Debug|Any CPU.Build.0 = Debug|Any CPU
		{5A5102EE-0C05-4DB5-9109-D6EFC7BDE5BA}.Release|Any CPU.ActiveCfg = Release|Any CPU
		{5A5102EE-0C05-4DB5-9109-D6EFC7BDE5BA}.Release|Any CPU.Build.0 = Release|Any CPU
	EndGlobalSection
	GlobalSection(SolutionProperties) = preSolution
		HideSolutionNode = FALSE
	EndGlobalSection
	GlobalSection(ExtensibilityGlobals) = postSolution
		SolutionGuid = {38091044-C53D-4188-96D1-2FC763A86EC6}
	EndGlobalSection
EndGlobal
